
Microsoft Visual Studio Solution File, Format Version 12.00
# Visual Studio 15
Project("{FAE04EC0-301F-11D3-BF4B-00C04F79EFBC}") = "Assembly-CSharp", "Assembly-CSharp.csproj", "{0548FA2F-1FFA-DFBD-C978-E5407AC425B5}"
EndProject
Project("{FAE04EC0-301F-11D3-BF4B-00C04F79EFBC}") = "Unity.2D.Animation.Samples.Runtime", "Unity.2D.Animation.Samples.Runtime.csproj", "{BABADC52-E751-79AA-10A5-D88F4C163A17}"
EndProject
Project("{FAE04EC0-301F-11D3-BF4B-00C04F79EFBC}") = "Unity.2D.Animation.Samples.Dependency", "Unity.2D.Animation.Samples.Dependency.csproj", "{E7D2763C-80E4-361B-2CB9-226434AD9462}"
EndProject
Project("{FAE04EC0-301F-11D3-BF4B-00C04F79EFBC}") = "Assembly-CSharp-Editor", "Assembly-CSharp-Editor.csproj", "{91A54A08-90E3-CA95-24DA-699AFDFAEF09}"
EndProject
Project("{FAE04EC0-301F-11D3-BF4B-00C04F79EFBC}") = "Unity.2D.Animation.Samples.Editor", "Unity.2D.Animation.Samples.Editor.csproj", "{9767C160-5B13-61EA-A7BD-7409311B6F5E}"
EndProject
Global
	GlobalSection(SolutionConfigurationPlatforms) = preSolution
		Debug|Any CPU = Debug|Any CPU
		Release|Any CPU = Release|Any CPU
	EndGlobalSection
	GlobalSection(ProjectConfigurationPlatforms) = postSolution
		{0548FA2F-1FFA-DFBD-C978-E5407AC425B5}.Debug|Any CPU.ActiveCfg = Debug|Any CPU
		{0548FA2F-1FFA-DFBD-C978-E5407AC425B5}.Debug|Any CPU.Build.0 = Debug|Any CPU
		{0548FA2F-1FFA-DFBD-C978-E5407AC425B5}.Release|Any CPU.ActiveCfg = Release|Any CPU
		{0548FA2F-1FFA-DFBD-C978-E5407AC425B5}.Release|Any CPU.Build.0 = Release|Any CPU
		{BABADC52-E751-79AA-10A5-D88F4C163A17}.Debug|Any CPU.ActiveCfg = Debug|Any CPU
		{BABADC52-E751-79AA-10A5-D88F4C163A17}.Debug|Any CPU.Build.0 = Debug|Any CPU
		{BABADC52-E751-79AA-10A5-D88F4C163A17}.Release|Any CPU.ActiveCfg = Release|Any CPU
		{BABADC52-E751-79AA-10A5-D88F4C163A17}.Release|Any CPU.Build.0 = Release|Any CPU
		{E7D2763C-80E4-361B-2CB9-226434AD9462}.Debug|Any CPU.ActiveCfg = Debug|Any CPU
		{E7D2763C-80E4-361B-2CB9-226434AD9462}.Debug|Any CPU.Build.0 = Debug|Any CPU
		{E7D2763C-80E4-361B-2CB9-226434AD9462}.Release|Any CPU.ActiveCfg = Release|Any CPU
		{E7D2763C-80E4-361B-2CB9-226434AD9462}.Release|Any CPU.Build.0 = Release|Any CPU
		{91A54A08-90E3-CA95-24DA-699AFDFAEF09}.Debug|Any CPU.ActiveCfg = Debug|Any CPU
		{91A54A08-90E3-CA95-24DA-699AFDFAEF09}.Debug|Any CPU.Build.0 = Debug|Any CPU
		{91A54A08-90E3-CA95-24DA-699AFDFAEF09}.Release|Any CPU.ActiveCfg = Release|Any CPU
		{91A54A08-90E3-CA95-24DA-699AFDFAEF09}.Release|Any CPU.Build.0 = Release|Any CPU
		{9767C160-5B13-61EA-A7BD-7409311B6F5E}.Debug|Any CPU.ActiveCfg = Debug|Any CPU
		{9767C160-5B13-61EA-A7BD-7409311B6F5E}.Debug|Any CPU.Build.0 = Debug|Any CPU
		{9767C160-5B13-61EA-A7BD-7409311B6F5E}.Release|Any CPU.ActiveCfg = Release|Any CPU
		{9767C160-5B13-61EA-A7BD-7409311B6F5E}.Release|Any CPU.Build.0 = Release|Any CPU
	EndGlobalSection
	GlobalSection(SolutionProperties) = preSolution
		HideSolutionNode = FALSE
	EndGlobalSection
EndGlobal
